
Microsoft Visual Studio Solution File, Format Version 12.00
# Visual Studio Version 17
VisualStudioVersion = 17.13.35825.156 d17.13
MinimumVisualStudioVersion = 10.0.40219.1
Project("{FAE04EC0-301F-11D3-BF4B-00C04F79EFBC}") = "eczaneuygulaması", "eczaneuygulaması\eczaneuygulaması.csproj", "{7C01831F-E282-4915-A28E-432D3687AE8D}"
EndProject
Global
	GlobalSection(SolutionConfigurationPlatforms) = preSolution
		Debug|Any CPU = Debug|Any CPU
		Release|Any CPU = Release|Any CPU
	EndGlobalSection
	GlobalSection(ProjectConfigurationPlatforms) = postSolution
		{7C01831F-E282-4915-A28E-432D3687AE8D}.Debug|Any CPU.ActiveCfg = Debug|Any CPU
		{7C01831F-E282-4915-A28E-432D3687AE8D}.Debug|Any CPU.Build.0 = Debug|Any CPU
		{7C01831F-E282-4915-A28E-432D3687AE8D}.Release|Any CPU.ActiveCfg = Release|Any CPU
		{7C01831F-E282-4915-A28E-432D3687AE8D}.Release|Any CPU.Build.0 = Release|Any CPU
	EndGlobalSection
	GlobalSection(SolutionProperties) = preSolution
		HideSolutionNode = FALSE
	EndGlobalSection
	GlobalSection(ExtensibilityGlobals) = postSolution
		SolutionGuid = {5F7D54FD-02A1-4DBA-BC1F-F94696DE4CA4}
	EndGlobalSection
EndGlobal
